// !$*UTF8*$!
{
	archiveVersion = 1;
	classes = {
	};
	objectVersion = 46;
	objects = {

/* Begin PBXBuildFile section */
		17179FF9F18B53FB55963039 /* libPods-iOS_trip.a in Frameworks */ = {isa = PBXBuildFile; fileRef = 87CC1F675118DA67F3BBB5EC /* libPods-iOS_trip.a */; };
		6AF14B1C1E2CBDBB006075DF /* CustomMovingAnnotation.m in Sources */ = {isa = PBXBuildFile; fileRef = 6AF14B1B1E2CBDBB006075DF /* CustomMovingAnnotation.m */; };
		6AF14B241E2DD093006075DF /* iOS_tripUITests.m in Sources */ = {isa = PBXBuildFile; fileRef = 6AF14B231E2DD093006075DF /* iOS_tripUITests.m */; };
		B6152C3E1DBDDF6E00254FC8 /* AppDelegate.m in Sources */ = {isa = PBXBuildFile; fileRef = B6152C111DBDDF6E00254FC8 /* AppDelegate.m */; };
		B6152C3F1DBDDF6E00254FC8 /* Assets.xcassets in Resources */ = {isa = PBXBuildFile; fileRef = B6152C121DBDDF6E00254FC8 /* Assets.xcassets */; };
		B6152C401DBDDF6E00254FC8 /* Main.storyboard in Resources */ = {isa = PBXBuildFile; fileRef = B6152C131DBDDF6E00254FC8 /* Main.storyboard */; };
		B6152C411DBDDF6E00254FC8 /* CommonUtility.m in Sources */ = {isa = PBXBuildFile; fileRef = B6152C161DBDDF6E00254FC8 /* CommonUtility.m */; };
		B6152C421DBDDF6E00254FC8 /* DDDriver.m in Sources */ = {isa = PBXBuildFile; fileRef = B6152C181DBDDF6E00254FC8 /* DDDriver.m */; };
		B6152C431DBDDF6E00254FC8 /* DDDriverManager.m in Sources */ = {isa = PBXBuildFile; fileRef = B6152C1A1DBDDF6E00254FC8 /* DDDriverManager.m */; };
		B6152C441DBDDF6E00254FC8 /* DDLocation.m in Sources */ = {isa = PBXBuildFile; fileRef = B6152C1C1DBDDF6E00254FC8 /* DDLocation.m */; };
		B6152C451DBDDF6E00254FC8 /* DDLocationControl.m in Sources */ = {isa = PBXBuildFile; fileRef = B6152C1E1DBDDF6E00254FC8 /* DDLocationControl.m */; };
		B6152C461DBDDF6E00254FC8 /* DDLocationView.m in Sources */ = {isa = PBXBuildFile; fileRef = B6152C201DBDDF6E00254FC8 /* DDLocationView.m */; };
		B6152C471DBDDF6E00254FC8 /* DDSearchManager.m in Sources */ = {isa = PBXBuildFile; fileRef = B6152C221DBDDF6E00254FC8 /* DDSearchManager.m */; };
		B6152C481DBDDF6E00254FC8 /* DDSearchViewController.m in Sources */ = {isa = PBXBuildFile; fileRef = B6152C241DBDDF6E00254FC8 /* DDSearchViewController.m */; };
		B6152C491DBDDF6E00254FC8 /* DDTaxiCallRequest.m in Sources */ = {isa = PBXBuildFile; fileRef = B6152C261DBDDF6E00254FC8 /* DDTaxiCallRequest.m */; };
		B6152C4B1DBDDF6E00254FC8 /* Launch Screen.xib in Resources */ = {isa = PBXBuildFile; fileRef = B6152C281DBDDF6E00254FC8 /* Launch Screen.xib */; };
		B6152C4C1DBDDF6E00254FC8 /* main.m in Sources */ = {isa = PBXBuildFile; fileRef = B6152C291DBDDF6E00254FC8 /* main.m */; };
		B6152C4D1DBDDF6E00254FC8 /* MANaviRoute.m in Sources */ = {isa = PBXBuildFile; fileRef = B6152C2B1DBDDF6E00254FC8 /* MANaviRoute.m */; };
		B6152C501DBDDF6E00254FC8 /* endPoint.png in Resources */ = {isa = PBXBuildFile; fileRef = B6152C321DBDDF6E00254FC8 /* endPoint.png */; };
		B6152C511DBDDF6E00254FC8 /* endPoint@2x.png in Resources */ = {isa = PBXBuildFile; fileRef = B6152C331DBDDF6E00254FC8 /* endPoint@2x.png */; };
		B6152C521DBDDF6E00254FC8 /* icon_next@2x.png in Resources */ = {isa = PBXBuildFile; fileRef = B6152C341DBDDF6E00254FC8 /* icon_next@2x.png */; };
		B6152C531DBDDF6E00254FC8 /* icon_passenger@2x.png in Resources */ = {isa = PBXBuildFile; fileRef = B6152C351DBDDF6E00254FC8 /* icon_passenger@2x.png */; };
		B6152C541DBDDF6E00254FC8 /* icon_taxi@2x.png in Resources */ = {isa = PBXBuildFile; fileRef = B6152C361DBDDF6E00254FC8 /* icon_taxi@2x.png */; };
		B6152C551DBDDF6E00254FC8 /* location@2x.png in Resources */ = {isa = PBXBuildFile; fileRef = B6152C371DBDDF6E00254FC8 /* location@2x.png */; };
		B6152C561DBDDF6E00254FC8 /* startPoint.png in Resources */ = {isa = PBXBuildFile; fileRef = B6152C381DBDDF6E00254FC8 /* startPoint.png */; };
		B6152C571DBDDF6E00254FC8 /* startPoint@2x.png in Resources */ = {isa = PBXBuildFile; fileRef = B6152C391DBDDF6E00254FC8 /* startPoint@2x.png */; };
		B6152C581DBDDF6E00254FC8 /* Toast+UIView.m in Sources */ = {isa = PBXBuildFile; fileRef = B6152C3B1DBDDF6E00254FC8 /* Toast+UIView.m */; settings = {COMPILER_FLAGS = "-fno-objc-arc"; }; };
		B6152C591DBDDF6E00254FC8 /* ViewController.m in Sources */ = {isa = PBXBuildFile; fileRef = B6152C3D1DBDDF6E00254FC8 /* ViewController.m */; };
		B6152C631DBDDF8C00254FC8 /* SystemConfiguration.framework in Frameworks */ = {isa = PBXBuildFile; fileRef = B6152C621DBDDF8C00254FC8 /* SystemConfiguration.framework */; };
		B6152C651DBDDF9100254FC8 /* CoreTelephony.framework in Frameworks */ = {isa = PBXBuildFile; fileRef = B6152C641DBDDF9100254FC8 /* CoreTelephony.framework */; };
		B6152C671DBDDF9400254FC8 /* JavaScriptCore.framework in Frameworks */ = {isa = PBXBuildFile; fileRef = B6152C661DBDDF9400254FC8 /* JavaScriptCore.framework */; };
		B6152C691DBDDF9C00254FC8 /* libc++.tbd in Frameworks */ = {isa = PBXBuildFile; fileRef = B6152C681DBDDF9C00254FC8 /* libc++.tbd */; };
		B6152C6B1DBDDFA400254FC8 /* libz.tbd in Frameworks */ = {isa = PBXBuildFile; fileRef = B6152C6A1DBDDFA400254FC8 /* libz.tbd */; };
		B6152C6D1DBDDFAE00254FC8 /* libstdc++.tbd in Frameworks */ = {isa = PBXBuildFile; fileRef = B6152C6C1DBDDFAE00254FC8 /* libstdc++.tbd */; };
/* End PBXBuildFile section */

/* Begin PBXContainerItemProxy section */
		6AF14B261E2DD093006075DF /* PBXContainerItemProxy */ = {
			isa = PBXContainerItemProxy;
			containerPortal = B6152BED1DBDDE3B00254FC8 /* Project object */;
			proxyType = 1;
			remoteGlobalIDString = B6152BF41DBDDE3B00254FC8;
			remoteInfo = iOS_trip;
		};
/* End PBXContainerItemProxy section */

/* Begin PBXFileReference section */
		0A6058835F216D1E32D77308 /* Pods-iOS_trip.debug.xcconfig */ = {isa = PBXFileReference; includeInIndex = 1; lastKnownFileType = text.xcconfig; name = "Pods-iOS_trip.debug.xcconfig"; path = "Pods/Target Support Files/Pods-iOS_trip/Pods-iOS_trip.debug.xcconfig"; sourceTree = "<group>"; };
		2B31CB361277ADE939E0D89E /* Pods-iOS_trip.release.xcconfig */ = {isa = PBXFileReference; includeInIndex = 1; lastKnownFileType = text.xcconfig; name = "Pods-iOS_trip.release.xcconfig"; path = "Pods/Target Support Files/Pods-iOS_trip/Pods-iOS_trip.release.xcconfig"; sourceTree = "<group>"; };
		6AF14B1A1E2CBDBB006075DF /* CustomMovingAnnotation.h */ = {isa = PBXFileReference; fileEncoding = 4; lastKnownFileType = sourcecode.c.h; path = CustomMovingAnnotation.h; sourceTree = "<group>"; };
		6AF14B1B1E2CBDBB006075DF /* CustomMovingAnnotation.m */ = {isa = PBXFileReference; fileEncoding = 4; lastKnownFileType = sourcecode.c.objc; path = CustomMovingAnnotation.m; sourceTree = "<group>"; };
		6AF14B211E2DD093006075DF /* iOS_tripUITests.xctest */ = {isa = PBXFileReference; explicitFileType = wrapper.cfbundle; includeInIndex = 0; path = iOS_tripUITests.xctest; sourceTree = BUILT_PRODUCTS_DIR; };
		6AF14B231E2DD093006075DF /* iOS_tripUITests.m */ = {isa = PBXFileReference; lastKnownFileType = sourcecode.c.objc; path = iOS_tripUITests.m; sourceTree = "<group>"; };
		6AF14B251E2DD093006075DF /* Info.plist */ = {isa = PBXFileReference; lastKnownFileType = text.plist.xml; path = Info.plist; sourceTree = "<group>"; };
		87CC1F675118DA67F3BBB5EC /* libPods-iOS_trip.a */ = {isa = PBXFileReference; explicitFileType = archive.ar; includeInIndex = 0; path = "libPods-iOS_trip.a"; sourceTree = BUILT_PRODUCTS_DIR; };
		B6152BF51DBDDE3B00254FC8 /* iOS_trip.app */ = {isa = PBXFileReference; explicitFileType = wrapper.application; includeInIndex = 0; path = iOS_trip.app; sourceTree = BUILT_PRODUCTS_DIR; };
		B6152C101DBDDF6E00254FC8 /* AppDelegate.h */ = {isa = PBXFileReference; fileEncoding = 4; lastKnownFileType = sourcecode.c.h; path = AppDelegate.h; sourceTree = "<group>"; };
		B6152C111DBDDF6E00254FC8 /* AppDelegate.m */ = {isa = PBXFileReference; fileEncoding = 4; lastKnownFileType = sourcecode.c.objc; path = AppDelegate.m; sourceTree = "<group>"; };
		B6152C121DBDDF6E00254FC8 /* Assets.xcassets */ = {isa = PBXFileReference; lastKnownFileType = folder.assetcatalog; path = Assets.xcassets; sourceTree = "<group>"; };
		B6152C141DBDDF6E00254FC8 /* Base */ = {isa = PBXFileReference; lastKnownFileType = file.storyboard; name = Base; path = Base.lproj/Main.storyboard; sourceTree = "<group>"; };
		B6152C151DBDDF6E00254FC8 /* CommonUtility.h */ = {isa = PBXFileReference; fileEncoding = 4; lastKnownFileType = sourcecode.c.h; path = CommonUtility.h; sourceTree = "<group>"; };
		B6152C161DBDDF6E00254FC8 /* CommonUtility.m */ = {isa = PBXFileReference; fileEncoding = 4; lastKnownFileType = sourcecode.c.objc; path = CommonUtility.m; sourceTree = "<group>"; };
		B6152C171DBDDF6E00254FC8 /* DDDriver.h */ = {isa = PBXFileReference; fileEncoding = 4; lastKnownFileType = sourcecode.c.h; path = DDDriver.h; sourceTree = "<group>"; };
		B6152C181DBDDF6E00254FC8 /* DDDriver.m */ = {isa = PBXFileReference; fileEncoding = 4; lastKnownFileType = sourcecode.c.objc; path = DDDriver.m; sourceTree = "<group>"; };
		B6152C191DBDDF6E00254FC8 /* DDDriverManager.h */ = {isa = PBXFileReference; fileEncoding = 4; lastKnownFileType = sourcecode.c.h; path = DDDriverManager.h; sourceTree = "<group>"; };
		B6152C1A1DBDDF6E00254FC8 /* DDDriverManager.m */ = {isa = PBXFileReference; fileEncoding = 4; lastKnownFileType = sourcecode.c.objc; path = DDDriverManager.m; sourceTree = "<group>"; };
		B6152C1B1DBDDF6E00254FC8 /* DDLocation.h */ = {isa = PBXFileReference; fileEncoding = 4; lastKnownFileType = sourcecode.c.h; path = DDLocation.h; sourceTree = "<group>"; };
		B6152C1C1DBDDF6E00254FC8 /* DDLocation.m */ = {isa = PBXFileReference; fileEncoding = 4; lastKnownFileType = sourcecode.c.objc; path = DDLocation.m; sourceTree = "<group>"; };
		B6152C1D1DBDDF6E00254FC8 /* DDLocationControl.h */ = {isa = PBXFileReference; fileEncoding = 4; lastKnownFileType = sourcecode.c.h; path = DDLocationControl.h; sourceTree = "<group>"; };
		B6152C1E1DBDDF6E00254FC8 /* DDLocationControl.m */ = {isa = PBXFileReference; fileEncoding = 4; lastKnownFileType = sourcecode.c.objc; path = DDLocationControl.m; sourceTree = "<group>"; };
		B6152C1F1DBDDF6E00254FC8 /* DDLocationView.h */ = {isa = PBXFileReference; fileEncoding = 4; lastKnownFileType = sourcecode.c.h; path = DDLocationView.h; sourceTree = "<group>"; };
		B6152C201DBDDF6E00254FC8 /* DDLocationView.m */ = {isa = PBXFileReference; fileEncoding = 4; lastKnownFileType = sourcecode.c.objc; path = DDLocationView.m; sourceTree = "<group>"; };
		B6152C211DBDDF6E00254FC8 /* DDSearchManager.h */ = {isa = PBXFileReference; fileEncoding = 4; lastKnownFileType = sourcecode.c.h; path = DDSearchManager.h; sourceTree = "<group>"; };
		B6152C221DBDDF6E00254FC8 /* DDSearchManager.m */ = {isa = PBXFileReference; fileEncoding = 4; lastKnownFileType = sourcecode.c.objc; path = DDSearchManager.m; sourceTree = "<group>"; };
		B6152C231DBDDF6E00254FC8 /* DDSearchViewController.h */ = {isa = PBXFileReference; fileEncoding = 4; lastKnownFileType = sourcecode.c.h; path = DDSearchViewController.h; sourceTree = "<group>"; };
		B6152C241DBDDF6E00254FC8 /* DDSearchViewController.m */ = {isa = PBXFileReference; fileEncoding = 4; lastKnownFileType = sourcecode.c.objc; path = DDSearchViewController.m; sourceTree = "<group>"; };
		B6152C251DBDDF6E00254FC8 /* DDTaxiCallRequest.h */ = {isa = PBXFileReference; fileEncoding = 4; lastKnownFileType = sourcecode.c.h; path = DDTaxiCallRequest.h; sourceTree = "<group>"; };
		B6152C261DBDDF6E00254FC8 /* DDTaxiCallRequest.m */ = {isa = PBXFileReference; fileEncoding = 4; lastKnownFileType = sourcecode.c.objc; path = DDTaxiCallRequest.m; sourceTree = "<group>"; };
		B6152C271DBDDF6E00254FC8 /* Info.plist */ = {isa = PBXFileReference; fileEncoding = 4; lastKnownFileType = text.plist.xml; path = Info.plist; sourceTree = "<group>"; };
		B6152C281DBDDF6E00254FC8 /* Launch Screen.xib */ = {isa = PBXFileReference; fileEncoding = 4; lastKnownFileType = file.xib; path = "Launch Screen.xib"; sourceTree = "<group>"; };
		B6152C291DBDDF6E00254FC8 /* main.m */ = {isa = PBXFileReference; fileEncoding = 4; lastKnownFileType = sourcecode.c.objc; path = main.m; sourceTree = "<group>"; };
		B6152C2A1DBDDF6E00254FC8 /* MANaviRoute.h */ = {isa = PBXFileReference; fileEncoding = 4; lastKnownFileType = sourcecode.c.h; path = MANaviRoute.h; sourceTree = "<group>"; };
		B6152C2B1DBDDF6E00254FC8 /* MANaviRoute.m */ = {isa = PBXFileReference; fileEncoding = 4; lastKnownFileType = sourcecode.c.objc; path = MANaviRoute.m; sourceTree = "<group>"; };
		B6152C321DBDDF6E00254FC8 /* endPoint.png */ = {isa = PBXFileReference; lastKnownFileType = image.png; path = endPoint.png; sourceTree = "<group>"; };
		B6152C331DBDDF6E00254FC8 /* endPoint@2x.png */ = {isa = PBXFileReference; lastKnownFileType = image.png; path = "endPoint@2x.png"; sourceTree = "<group>"; };
		B6152C341DBDDF6E00254FC8 /* icon_next@2x.png */ = {isa = PBXFileReference; lastKnownFileType = image.png; path = "icon_next@2x.png"; sourceTree = "<group>"; };
		B6152C351DBDDF6E00254FC8 /* icon_passenger@2x.png */ = {isa = PBXFileReference; lastKnownFileType = image.png; path = "icon_passenger@2x.png"; sourceTree = "<group>"; };
		B6152C361DBDDF6E00254FC8 /* icon_taxi@2x.png */ = {isa = PBXFileReference; lastKnownFileType = image.png; path = "icon_taxi@2x.png"; sourceTree = "<group>"; };
		B6152C371DBDDF6E00254FC8 /* location@2x.png */ = {isa = PBXFileReference; lastKnownFileType = image.png; path = "location@2x.png"; sourceTree = "<group>"; };
		B6152C381DBDDF6E00254FC8 /* startPoint.png */ = {isa = PBXFileReference; lastKnownFileType = image.png; path = startPoint.png; sourceTree = "<group>"; };
		B6152C391DBDDF6E00254FC8 /* startPoint@2x.png */ = {isa = PBXFileReference; lastKnownFileType = image.png; path = "startPoint@2x.png"; sourceTree = "<group>"; };
		B6152C3A1DBDDF6E00254FC8 /* Toast+UIView.h */ = {isa = PBXFileReference; fileEncoding = 4; lastKnownFileType = sourcecode.c.h; path = "Toast+UIView.h"; sourceTree = "<group>"; };
		B6152C3B1DBDDF6E00254FC8 /* Toast+UIView.m */ = {isa = PBXFileReference; fileEncoding = 4; lastKnownFileType = sourcecode.c.objc; path = "Toast+UIView.m"; sourceTree = "<group>"; };
		B6152C3C1DBDDF6E00254FC8 /* ViewController.h */ = {isa = PBXFileReference; fileEncoding = 4; lastKnownFileType = sourcecode.c.h; path = ViewController.h; sourceTree = "<group>"; };
		B6152C3D1DBDDF6E00254FC8 /* ViewController.m */ = {isa = PBXFileReference; fileEncoding = 4; lastKnownFileType = sourcecode.c.objc; path = ViewController.m; sourceTree = "<group>"; };
		B6152C621DBDDF8C00254FC8 /* SystemConfiguration.framework */ = {isa = PBXFileReference; lastKnownFileType = wrapper.framework; name = SystemConfiguration.framework; path = System/Library/Frameworks/SystemConfiguration.framework; sourceTree = SDKROOT; };
		B6152C641DBDDF9100254FC8 /* CoreTelephony.framework */ = {isa = PBXFileReference; lastKnownFileType = wrapper.framework; name = CoreTelephony.framework; path = System/Library/Frameworks/CoreTelephony.framework; sourceTree = SDKROOT; };
		B6152C661DBDDF9400254FC8 /* JavaScriptCore.framework */ = {isa = PBXFileReference; lastKnownFileType = wrapper.framework; name = JavaScriptCore.framework; path = System/Library/Frameworks/JavaScriptCore.framework; sourceTree = SDKROOT; };
		B6152C681DBDDF9C00254FC8 /* libc++.tbd */ = {isa = PBXFileReference; lastKnownFileType = "sourcecode.text-based-dylib-definition"; name = "libc++.tbd"; path = "usr/lib/libc++.tbd"; sourceTree = SDKROOT; };
		B6152C6A1DBDDFA400254FC8 /* libz.tbd */ = {isa = PBXFileReference; lastKnownFileType = "sourcecode.text-based-dylib-definition"; name = libz.tbd; path = usr/lib/libz.tbd; sourceTree = SDKROOT; };
		B6152C6C1DBDDFAE00254FC8 /* libstdc++.tbd */ = {isa = PBXFileReference; lastKnownFileType = "sourcecode.text-based-dylib-definition"; name = "libstdc++.tbd"; path = "usr/lib/libstdc++.tbd"; sourceTree = SDKROOT; };
/* End PBXFileReference section */

/* Begin PBXFrameworksBuildPhase section */
		6AF14B1E1E2DD093006075DF /* Frameworks */ = {
			isa = PBXFrameworksBuildPhase;
			buildActionMask = 2147483647;
			files = (
			);
			runOnlyForDeploymentPostprocessing = 0;
		};
		B6152BF21DBDDE3B00254FC8 /* Frameworks */ = {
			isa = PBXFrameworksBuildPhase;
			buildActionMask = 2147483647;
			files = (
				B6152C6D1DBDDFAE00254FC8 /* libstdc++.tbd in Frameworks */,
				B6152C6B1DBDDFA400254FC8 /* libz.tbd in Frameworks */,
				B6152C691DBDDF9C00254FC8 /* libc++.tbd in Frameworks */,
				B6152C671DBDDF9400254FC8 /* JavaScriptCore.framework in Frameworks */,
				B6152C651DBDDF9100254FC8 /* CoreTelephony.framework in Frameworks */,
				B6152C631DBDDF8C00254FC8 /* SystemConfiguration.framework in Frameworks */,
				17179FF9F18B53FB55963039 /* libPods-iOS_trip.a in Frameworks */,
			);
			runOnlyForDeploymentPostprocessing = 0;
		};
/* End PBXFrameworksBuildPhase section */

/* Begin PBXGroup section */
		6AF14B221E2DD093006075DF /* iOS_tripUITests */ = {
			isa = PBXGroup;
			children = (
				6AF14B231E2DD093006075DF /* iOS_tripUITests.m */,
				6AF14B251E2DD093006075DF /* Info.plist */,
			);
			path = iOS_tripUITests;
			sourceTree = "<group>";
		};
		B6152BEC1DBDDE3B00254FC8 = {
			isa = PBXGroup;
			children = (
				B6152C0F1DBDDF6E00254FC8 /* iOS_trip */,
				6AF14B221E2DD093006075DF /* iOS_tripUITests */,
				B6152BF61DBDDE3B00254FC8 /* Products */,
				B6152C611DBDDF8C00254FC8 /* Frameworks */,
				E2EE1C84B52B7268D5DBDE82 /* Pods */,
			);
			sourceTree = "<group>";
		};
		B6152BF61DBDDE3B00254FC8 /* Products */ = {
			isa = PBXGroup;
			children = (
				B6152BF51DBDDE3B00254FC8 /* iOS_trip.app */,
				6AF14B211E2DD093006075DF /* iOS_tripUITests.xctest */,
			);
			name = Products;
			sourceTree = "<group>";
		};
		B6152C0F1DBDDF6E00254FC8 /* iOS_trip */ = {
			isa = PBXGroup;
			children = (
				B6152C311DBDDF6E00254FC8 /* Resources */,
				B6152C101DBDDF6E00254FC8 /* AppDelegate.h */,
				B6152C111DBDDF6E00254FC8 /* AppDelegate.m */,
				B6152C121DBDDF6E00254FC8 /* Assets.xcassets */,
				B6152C131DBDDF6E00254FC8 /* Main.storyboard */,
				B6152C151DBDDF6E00254FC8 /* CommonUtility.h */,
				B6152C161DBDDF6E00254FC8 /* CommonUtility.m */,
				B6152C171DBDDF6E00254FC8 /* DDDriver.h */,
				B6152C181DBDDF6E00254FC8 /* DDDriver.m */,
				B6152C191DBDDF6E00254FC8 /* DDDriverManager.h */,
				B6152C1A1DBDDF6E00254FC8 /* DDDriverManager.m */,
				B6152C1B1DBDDF6E00254FC8 /* DDLocation.h */,
				B6152C1C1DBDDF6E00254FC8 /* DDLocation.m */,
				B6152C1D1DBDDF6E00254FC8 /* DDLocationControl.h */,
				B6152C1E1DBDDF6E00254FC8 /* DDLocationControl.m */,
				B6152C1F1DBDDF6E00254FC8 /* DDLocationView.h */,
				B6152C201DBDDF6E00254FC8 /* DDLocationView.m */,
				B6152C211DBDDF6E00254FC8 /* DDSearchManager.h */,
				B6152C221DBDDF6E00254FC8 /* DDSearchManager.m */,
				B6152C231DBDDF6E00254FC8 /* DDSearchViewController.h */,
				B6152C241DBDDF6E00254FC8 /* DDSearchViewController.m */,
				B6152C251DBDDF6E00254FC8 /* DDTaxiCallRequest.h */,
				B6152C261DBDDF6E00254FC8 /* DDTaxiCallRequest.m */,
				B6152C271DBDDF6E00254FC8 /* Info.plist */,
				B6152C281DBDDF6E00254FC8 /* Launch Screen.xib */,
				B6152C291DBDDF6E00254FC8 /* main.m */,
				6AF14B1A1E2CBDBB006075DF /* CustomMovingAnnotation.h */,
				6AF14B1B1E2CBDBB006075DF /* CustomMovingAnnotation.m */,
				B6152C2A1DBDDF6E00254FC8 /* MANaviRoute.h */,
				B6152C2B1DBDDF6E00254FC8 /* MANaviRoute.m */,
				B6152C3A1DBDDF6E00254FC8 /* Toast+UIView.h */,
				B6152C3B1DBDDF6E00254FC8 /* Toast+UIView.m */,
				B6152C3C1DBDDF6E00254FC8 /* ViewController.h */,
				B6152C3D1DBDDF6E00254FC8 /* ViewController.m */,
			);
			path = iOS_trip;
			sourceTree = "<group>";
		};
		B6152C311DBDDF6E00254FC8 /* Resources */ = {
			isa = PBXGroup;
			children = (
				B6152C321DBDDF6E00254FC8 /* endPoint.png */,
				B6152C331DBDDF6E00254FC8 /* endPoint@2x.png */,
				B6152C341DBDDF6E00254FC8 /* icon_next@2x.png */,
				B6152C351DBDDF6E00254FC8 /* icon_passenger@2x.png */,
				B6152C361DBDDF6E00254FC8 /* icon_taxi@2x.png */,
				B6152C371DBDDF6E00254FC8 /* location@2x.png */,
				B6152C381DBDDF6E00254FC8 /* startPoint.png */,
				B6152C391DBDDF6E00254FC8 /* startPoint@2x.png */,
			);
			path = Resources;
			sourceTree = "<group>";
		};
		B6152C611DBDDF8C00254FC8 /* Frameworks */ = {
			isa = PBXGroup;
			children = (
				B6152C6C1DBDDFAE00254FC8 /* libstdc++.tbd */,
				B6152C6A1DBDDFA400254FC8 /* libz.tbd */,
				B6152C681DBDDF9C00254FC8 /* libc++.tbd */,
				B6152C661DBDDF9400254FC8 /* JavaScriptCore.framework */,
				B6152C641DBDDF9100254FC8 /* CoreTelephony.framework */,
				B6152C621DBDDF8C00254FC8 /* SystemConfiguration.framework */,
				87CC1F675118DA67F3BBB5EC /* libPods-iOS_trip.a */,
			);
			name = Frameworks;
			sourceTree = "<group>";
		};
		E2EE1C84B52B7268D5DBDE82 /* Pods */ = {
			isa = PBXGroup;
			children = (
				0A6058835F216D1E32D77308 /* Pods-iOS_trip.debug.xcconfig */,
				2B31CB361277ADE939E0D89E /* Pods-iOS_trip.release.xcconfig */,
			);
			name = Pods;
			sourceTree = "<group>";
		};
/* End PBXGroup section */

/* Begin PBXNativeTarget section */
		6AF14B201E2DD093006075DF /* iOS_tripUITests */ = {
			isa = PBXNativeTarget;
			buildConfigurationList = 6AF14B2A1E2DD093006075DF /* Build configuration list for PBXNativeTarget "iOS_tripUITests" */;
			buildPhases = (
				6AF14B1D1E2DD093006075DF /* Sources */,
				6AF14B1E1E2DD093006075DF /* Frameworks */,
				6AF14B1F1E2DD093006075DF /* Resources */,
			);
			buildRules = (
			);
			dependencies = (
				6AF14B271E2DD093006075DF /* PBXTargetDependency */,
			);
			name = iOS_tripUITests;
			productName = iOS_tripUITests;
			productReference = 6AF14B211E2DD093006075DF /* iOS_tripUITests.xctest */;
			productType = "com.apple.product-type.bundle.ui-testing";
		};
		B6152BF41DBDDE3B00254FC8 /* iOS_trip */ = {
			isa = PBXNativeTarget;
			buildConfigurationList = B6152C0C1DBDDE3B00254FC8 /* Build configuration list for PBXNativeTarget "iOS_trip" */;
			buildPhases = (
				BEAEEC4D92849003896FC620 /* [CP] Check Pods Manifest.lock */,
				B6152BF11DBDDE3B00254FC8 /* Sources */,
				B6152BF21DBDDE3B00254FC8 /* Frameworks */,
				B6152BF31DBDDE3B00254FC8 /* Resources */,
				C043561C3305EBD88C07E29E /* [CP] Embed Pods Frameworks */,
				C82D3B8AB3E4819277079182 /* [CP] Copy Pods Resources */,
			);
			buildRules = (
			);
			dependencies = (
			);
			name = iOS_trip;
			productName = iOS_trip;
			productReference = B6152BF51DBDDE3B00254FC8 /* iOS_trip.app */;
			productType = "com.apple.product-type.application";
		};
/* End PBXNativeTarget section */

/* Begin PBXProject section */
		B6152BED1DBDDE3B00254FC8 /* Project object */ = {
			isa = PBXProject;
			attributes = {
				LastUpgradeCheck = 0820;
				ORGANIZATIONNAME = yours;
				TargetAttributes = {
					6AF14B201E2DD093006075DF = {
						CreatedOnToolsVersion = 8.2.1;
						DevelopmentTeam = YMJ372W38W;
						ProvisioningStyle = Manual;
						TestTargetID = B6152BF41DBDDE3B00254FC8;
					};
					B6152BF41DBDDE3B00254FC8 = {
						CreatedOnToolsVersion = 8.0;
						DevelopmentTeam = YMJ372W38W;
						ProvisioningStyle = Manual;
					};
				};
			};
			buildConfigurationList = B6152BF01DBDDE3B00254FC8 /* Build configuration list for PBXProject "iOS_trip" */;
			compatibilityVersion = "Xcode 3.2";
			developmentRegion = English;
			hasScannedForEncodings = 0;
			knownRegions = (
				en,
				Base,
			);
			mainGroup = B6152BEC1DBDDE3B00254FC8;
			productRefGroup = B6152BF61DBDDE3B00254FC8 /* Products */;
			projectDirPath = "";
			projectRoot = "";
			targets = (
				B6152BF41DBDDE3B00254FC8 /* iOS_trip */,
				6AF14B201E2DD093006075DF /* iOS_tripUITests */,
			);
		};
/* End PBXProject section */

/* Begin PBXResourcesBuildPhase section */
		6AF14B1F1E2DD093006075DF /* Resources */ = {
			isa = PBXResourcesBuildPhase;
			buildActionMask = 2147483647;
			files = (
			);
			runOnlyForDeploymentPostprocessing = 0;
		};
		B6152BF31DBDDE3B00254FC8 /* Resources */ = {
			isa = PBXResourcesBuildPhase;
			buildActionMask = 2147483647;
			files = (
				B6152C3F1DBDDF6E00254FC8 /* Assets.xcassets in Resources */,
				B6152C511DBDDF6E00254FC8 /* endPoint@2x.png in Resources */,
				B6152C531DBDDF6E00254FC8 /* icon_passenger@2x.png in Resources */,
				B6152C561DBDDF6E00254FC8 /* startPoint.png in Resources */,
				B6152C4B1DBDDF6E00254FC8 /* Launch Screen.xib in Resources */,
				B6152C401DBDDF6E00254FC8 /* Main.storyboard in Resources */,
				B6152C571DBDDF6E00254FC8 /* startPoint@2x.png in Resources */,
				B6152C501DBDDF6E00254FC8 /* endPoint.png in Resources */,
				B6152C551DBDDF6E00254FC8 /* location@2x.png in Resources */,
				B6152C521DBDDF6E00254FC8 /* icon_next@2x.png in Resources */,
				B6152C541DBDDF6E00254FC8 /* icon_taxi@2x.png in Resources */,
			);
			runOnlyForDeploymentPostprocessing = 0;
		};
/* End PBXResourcesBuildPhase section */

/* Begin PBXShellScriptBuildPhase section */
		BEAEEC4D92849003896FC620 /* [CP] Check Pods Manifest.lock */ = {
			isa = PBXShellScriptBuildPhase;
			buildActionMask = 2147483647;
			files = (
			);
			inputPaths = (
			);
			name = "[CP] Check Pods Manifest.lock";
			outputPaths = (
			);
			runOnlyForDeploymentPostprocessing = 0;
			shellPath = /bin/sh;
			shellScript = "diff \"${PODS_ROOT}/../Podfile.lock\" \"${PODS_ROOT}/Manifest.lock\" > /dev/null\nif [ $? != 0 ] ; then\n    # print error to STDERR\n    echo \"error: The sandbox is not in sync with the Podfile.lock. Run 'pod install' or update your CocoaPods installation.\" >&2\n    exit 1\nfi\n";
			showEnvVarsInLog = 0;
		};
		C043561C3305EBD88C07E29E /* [CP] Embed Pods Frameworks */ = {
			isa = PBXShellScriptBuildPhase;
			buildActionMask = 2147483647;
			files = (
			);
			inputPaths = (
			);
			name = "[CP] Embed Pods Frameworks";
			outputPaths = (
			);
			runOnlyForDeploymentPostprocessing = 0;
			shellPath = /bin/sh;
			shellScript = "\"${SRCROOT}/Pods/Target Support Files/Pods-iOS_trip/Pods-iOS_trip-frameworks.sh\"\n";
			showEnvVarsInLog = 0;
		};
		C82D3B8AB3E4819277079182 /* [CP] Copy Pods Resources */ = {
			isa = PBXShellScriptBuildPhase;
			buildActionMask = 2147483647;
			files = (
			);
			inputPaths = (
			);
			name = "[CP] Copy Pods Resources";
			outputPaths = (
			);
			runOnlyForDeploymentPostprocessing = 0;
			shellPath = /bin/sh;
			shellScript = "\"${SRCROOT}/Pods/Target Support Files/Pods-iOS_trip/Pods-iOS_trip-resources.sh\"\n";
			showEnvVarsInLog = 0;
		};
/* End PBXShellScriptBuildPhase section */

/* Begin PBXSourcesBuildPhase section */
		6AF14B1D1E2DD093006075DF /* Sources */ = {
			isa = PBXSourcesBuildPhase;
			buildActionMask = 2147483647;
			files = (
				6AF14B241E2DD093006075DF /* iOS_tripUITests.m in Sources */,
			);
			runOnlyForDeploymentPostprocessing = 0;
		};
		B6152BF11DBDDE3B00254FC8 /* Sources */ = {
			isa = PBXSourcesBuildPhase;
			buildActionMask = 2147483647;
			files = (
				B6152C451DBDDF6E00254FC8 /* DDLocationControl.m in Sources */,
				B6152C421DBDDF6E00254FC8 /* DDDriver.m in Sources */,
				B6152C441DBDDF6E00254FC8 /* DDLocation.m in Sources */,
				B6152C4D1DBDDF6E00254FC8 /* MANaviRoute.m in Sources */,
				B6152C491DBDDF6E00254FC8 /* DDTaxiCallRequest.m in Sources */,
				B6152C581DBDDF6E00254FC8 /* Toast+UIView.m in Sources */,
				B6152C481DBDDF6E00254FC8 /* DDSearchViewController.m in Sources */,
				B6152C461DBDDF6E00254FC8 /* DDLocationView.m in Sources */,
				B6152C591DBDDF6E00254FC8 /* ViewController.m in Sources */,
				6AF14B1C1E2CBDBB006075DF /* CustomMovingAnnotation.m in Sources */,
				B6152C3E1DBDDF6E00254FC8 /* AppDelegate.m in Sources */,
				B6152C471DBDDF6E00254FC8 /* DDSearchManager.m in Sources */,
				B6152C411DBDDF6E00254FC8 /* CommonUtility.m in Sources */,
				B6152C4C1DBDDF6E00254FC8 /* main.m in Sources */,
				B6152C431DBDDF6E00254FC8 /* DDDriverManager.m in Sources */,
			);
			runOnlyForDeploymentPostprocessing = 0;
		};
/* End PBXSourcesBuildPhase section */

/* Begin PBXTargetDependency section */
		6AF14B271E2DD093006075DF /* PBXTargetDependency */ = {
			isa = PBXTargetDependency;
			target = B6152BF41DBDDE3B00254FC8 /* iOS_trip */;
			targetProxy = 6AF14B261E2DD093006075DF /* PBXContainerItemProxy */;
		};
/* End PBXTargetDependency section */

/* Begin PBXVariantGroup section */
		B6152C131DBDDF6E00254FC8 /* Main.storyboard */ = {
			isa = PBXVariantGroup;
			children = (
				B6152C141DBDDF6E00254FC8 /* Base */,
			);
			name = Main.storyboard;
			sourceTree = "<group>";
		};
/* End PBXVariantGroup section */

/* Begin XCBuildConfiguration section */
		6AF14B281E2DD093006075DF /* Debug */ = {
			isa = XCBuildConfiguration;
			buildSettings = {
				DEVELOPMENT_TEAM = YMJ372W38W;
				INFOPLIST_FILE = iOS_tripUITests/Info.plist;
				IPHONEOS_DEPLOYMENT_TARGET = 10.2;
				LD_RUNPATH_SEARCH_PATHS = "$(inherited) @executable_path/Frameworks @loader_path/Frameworks";
				PRODUCT_BUNDLE_IDENTIFIER = "com.autonavi.iOS-tripUITests";
				PRODUCT_NAME = "$(TARGET_NAME)";
				PROVISIONING_PROFILE = "9b821a78-8ad6-4cf7-b6b0-31b43df04bbe";
				PROVISIONING_PROFILE_SPECIFIER = openPlatform_development;
				TEST_TARGET_NAME = iOS_trip;
			};
			name = Debug;
		};
		6AF14B291E2DD093006075DF /* Release */ = {
			isa = XCBuildConfiguration;
			buildSettings = {
				DEVELOPMENT_TEAM = YMJ372W38W;
				INFOPLIST_FILE = iOS_tripUITests/Info.plist;
				IPHONEOS_DEPLOYMENT_TARGET = 10.2;
				LD_RUNPATH_SEARCH_PATHS = "$(inherited) @executable_path/Frameworks @loader_path/Frameworks";
				PRODUCT_BUNDLE_IDENTIFIER = "com.autonavi.iOS-tripUITests";
				PRODUCT_NAME = "$(TARGET_NAME)";
				PROVISIONING_PROFILE = "9b821a78-8ad6-4cf7-b6b0-31b43df04bbe";
				PROVISIONING_PROFILE_SPECIFIER = openPlatform_development;
				TEST_TARGET_NAME = iOS_trip;
			};
			name = Release;
		};
		B6152C0A1DBDDE3B00254FC8 /* Debug */ = {
			isa = XCBuildConfiguration;
			buildSettings = {
				ALWAYS_SEARCH_USER_PATHS = NO;
				CLANG_ANALYZER_NONNULL = YES;
				CLANG_CXX_LANGUAGE_STANDARD = "gnu++0x";
				CLANG_CXX_LIBRARY = "libc++";
				CLANG_ENABLE_MODULES = YES;
				CLANG_ENABLE_OBJC_ARC = YES;
				CLANG_WARN_BOOL_CONVERSION = YES;
				CLANG_WARN_CONSTANT_CONVERSION = YES;
				CLANG_WARN_DIRECT_OBJC_ISA_USAGE = YES_ERROR;
				CLANG_WARN_DOCUMENTATION_COMMENTS = YES;
				CLANG_WARN_EMPTY_BODY = YES;
				CLANG_WARN_ENUM_CONVERSION = YES;
				CLANG_WARN_INFINITE_RECURSION = YES;
				CLANG_WARN_INT_CONVERSION = YES;
				CLANG_WARN_OBJC_ROOT_CLASS = YES_ERROR;
				CLANG_WARN_SUSPICIOUS_MOVE = YES;
				CLANG_WARN_SUSPICIOUS_MOVES = YES;
				CLANG_WARN_UNREACHABLE_CODE = YES;
				CLANG_WARN__DUPLICATE_METHOD_MATCH = YES;
				"CODE_SIGN_IDENTITY[sdk=iphoneos*]" = "iPhone Developer";
				COPY_PHASE_STRIP = NO;
				DEBUG_INFORMATION_FORMAT = dwarf;
				ENABLE_STRICT_OBJC_MSGSEND = YES;
				ENABLE_TESTABILITY = YES;
				GCC_C_LANGUAGE_STANDARD = gnu99;
				GCC_DYNAMIC_NO_PIC = NO;
				GCC_NO_COMMON_BLOCKS = YES;
				GCC_OPTIMIZATION_LEVEL = 0;
				GCC_PREPROCESSOR_DEFINITIONS = (
					"DEBUG=1",
					"$(inherited)",
				);
				GCC_WARN_64_TO_32_BIT_CONVERSION = YES;
				GCC_WARN_ABOUT_RETURN_TYPE = YES_ERROR;
				GCC_WARN_UNDECLARED_SELECTOR = YES;
				GCC_WARN_UNINITIALIZED_AUTOS = YES_AGGRESSIVE;
				GCC_WARN_UNUSED_FUNCTION = YES;
				GCC_WARN_UNUSED_VARIABLE = YES;
				IPHONEOS_DEPLOYMENT_TARGET = 8.0;
				MTL_ENABLE_DEBUG_INFO = YES;
				ONLY_ACTIVE_ARCH = YES;
				SDKROOT = iphoneos;
				TARGETED_DEVICE_FAMILY = "1,2";
			};
			name = Debug;
		};
		B6152C0B1DBDDE3B00254FC8 /* Release */ = {
			isa = XCBuildConfiguration;
			buildSettings = {
				ALWAYS_SEARCH_USER_PATHS = NO;
				CLANG_ANALYZER_NONNULL = YES;
				CLANG_CXX_LANGUAGE_STANDARD = "gnu++0x";
				CLANG_CXX_LIBRARY = "libc++";
				CLANG_ENABLE_MODULES = YES;
				CLANG_ENABLE_OBJC_ARC = YES;
				CLANG_WARN_BOOL_CONVERSION = YES;
				CLANG_WARN_CONSTANT_CONVERSION = YES;
				CLANG_WARN_DIRECT_OBJC_ISA_USAGE = YES_ERROR;
				CLANG_WARN_DOCUMENTATION_COMMENTS = YES;
				CLANG_WARN_EMPTY_BODY = YES;
				CLANG_WARN_ENUM_CONVERSION = YES;
				CLANG_WARN_INFINITE_RECURSION = YES;
				CLANG_WARN_INT_CONVERSION = YES;
				CLANG_WARN_OBJC_ROOT_CLASS = YES_ERROR;
				CLANG_WARN_SUSPICIOUS_MOVE = YES;
				CLANG_WARN_SUSPICIOUS_MOVES = YES;
				CLANG_WARN_UNREACHABLE_CODE = YES;
				CLANG_WARN__DUPLICATE_METHOD_MATCH = YES;
				"CODE_SIGN_IDENTITY[sdk=iphoneos*]" = "iPhone Developer";
				COPY_PHASE_STRIP = NO;
				DEBUG_INFORMATION_FORMAT = "dwarf-with-dsym";
				ENABLE_NS_ASSERTIONS = NO;
				ENABLE_STRICT_OBJC_MSGSEND = YES;
				GCC_C_LANGUAGE_STANDARD = gnu99;
				GCC_NO_COMMON_BLOCKS = YES;
				GCC_WARN_64_TO_32_BIT_CONVERSION = YES;
				GCC_WARN_ABOUT_RETURN_TYPE = YES_ERROR;
				GCC_WARN_UNDECLARED_SELECTOR = YES;
				GCC_WARN_UNINITIALIZED_AUTOS = YES_AGGRESSIVE;
				GCC_WARN_UNUSED_FUNCTION = YES;
				GCC_WARN_UNUSED_VARIABLE = YES;
				IPHONEOS_DEPLOYMENT_TARGET = 8.0;
				MTL_ENABLE_DEBUG_INFO = NO;
				SDKROOT = iphoneos;
				TARGETED_DEVICE_FAMILY = "1,2";
				VALIDATE_PRODUCT = YES;
			};
			name = Release;
		};
		B6152C0D1DBDDE3B00254FC8 /* Debug */ = {
			isa = XCBuildConfiguration;
			baseConfigurationReference = 0A6058835F216D1E32D77308 /* Pods-iOS_trip.debug.xcconfig */;
			buildSettings = {
				ASSETCATALOG_COMPILER_APPICON_NAME = AppIcon;
				DEVELOPMENT_TEAM = YMJ372W38W;
				FRAMEWORK_SEARCH_PATHS = (
					"$(inherited)",
					"$(PROJECT_DIR)/FrameWorks",
				);
				INFOPLIST_FILE = iOS_trip/Info.plist;
				LD_RUNPATH_SEARCH_PATHS = "$(inherited) @executable_path/Frameworks";
				PRODUCT_BUNDLE_IDENTIFIER = com.autonavi.TripDemo;
				PRODUCT_NAME = "$(TARGET_NAME)";
				PROVISIONING_PROFILE = "d723e77c-6c92-4e6a-98d7-8717d0b88b87";
				PROVISIONING_PROFILE_SPECIFIER = openPlatform_development;
			};
			name = Debug;
		};
		B6152C0E1DBDDE3B00254FC8 /* Release */ = {
			isa = XCBuildConfiguration;
			baseConfigurationReference = 2B31CB361277ADE939E0D89E /* Pods-iOS_trip.release.xcconfig */;
			buildSettings = {
				ASSETCATALOG_COMPILER_APPICON_NAME = AppIcon;
				"CODE_SIGN_IDENTITY[sdk=iphoneos*]" = "iPhone Distribution";
				DEVELOPMENT_TEAM = YMJ372W38W;
				FRAMEWORK_SEARCH_PATHS = (
					"$(inherited)",
					"$(PROJECT_DIR)/FrameWorks",
				);
				INFOPLIST_FILE = iOS_trip/Info.plist;
				LD_RUNPATH_SEARCH_PATHS = "$(inherited) @executable_path/Frameworks";
				PRODUCT_BUNDLE_IDENTIFIER = com.autonavi.TripDemo;
				PRODUCT_NAME = "$(TARGET_NAME)";
				PROVISIONING_PROFILE = "a892512d-fe94-4702-b716-0b66880b936d";
				PROVISIONING_PROFILE_SPECIFIER = openPlatformInhouse;
			};
			name = Release;
		};
/* End XCBuildConfiguration section */

/* Begin XCConfigurationList section */
		6AF14B2A1E2DD093006075DF /* Build configuration list for PBXNativeTarget "iOS_tripUITests" */ = {
			isa = XCConfigurationList;
			buildConfigurations = (
				6AF14B281E2DD093006075DF /* Debug */,
				6AF14B291E2DD093006075DF /* Release */,
			);
			defaultConfigurationIsVisible = 0;
		};
		B6152BF01DBDDE3B00254FC8 /* Build configuration list for PBXProject "iOS_trip" */ = {
			isa = XCConfigurationList;
			buildConfigurations = (
				B6152C0A1DBDDE3B00254FC8 /* Debug */,
				B6152C0B1DBDDE3B00254FC8 /* Release */,
			);
			defaultConfigurationIsVisible = 0;
			defaultConfigurationName = Release;
		};
		B6152C0C1DBDDE3B00254FC8 /* Build configuration list for PBXNativeTarget "iOS_trip" */ = {
			isa = XCConfigurationList;
			buildConfigurations = (
				B6152C0D1DBDDE3B00254FC8 /* Debug */,
				B6152C0E1DBDDE3B00254FC8 /* Release */,
			);
			defaultConfigurationIsVisible = 0;
			defaultConfigurationName = Release;
		};
/* End XCConfigurationList section */
	};
	rootObject = B6152BED1DBDDE3B00254FC8 /* Project object */;
}
